
Microsoft Visual Studio Solution File, Format Version 12.00
# Visual Studio Version 17
VisualStudioVersion = 17.0.31903.59
MinimumVisualStudioVersion = 10.0.40219.1
Project("{FAE04EC0-301F-11D3-BF4B-00C04F79EFBC}") = "DemoApp", "DemoApp\DemoApp.csproj", "{FA38D7C6-D2D7-46BA-9469-CF0A53DC4381}"
EndProject
Project("{FAE04EC0-301F-11D3-BF4B-00C04F79EFBC}") = "Project.Tests", "Project.Tests\Project.Tests.csproj", "{44D75B55-EBF0-40A8-B5E7-5883BF3E153C}"
EndProject
Project("{FAE04EC0-301F-11D3-BF4B-00C04F79EFBC}") = "MyClassLibrary", "MyClassLibrary\MyClassLibrary.csproj", "{1ED2CDC7-621B-492E-A5AD-05E8D14A2275}"
EndProject
Global
	GlobalSection(SolutionConfigurationPlatforms) = preSolution
		Debug|Any CPU = Debug|Any CPU
		Release|Any CPU = Release|Any CPU
	EndGlobalSection
	GlobalSection(SolutionProperties) = preSolution
		HideSolutionNode = FALSE
	EndGlobalSection
	GlobalSection(ProjectConfigurationPlatforms) = postSolution
		{FA38D7C6-D2D7-46BA-9469-CF0A53DC4381}.Debug|Any CPU.ActiveCfg = Debug|Any CPU
		{FA38D7C6-D2D7-46BA-9469-CF0A53DC4381}.Debug|Any CPU.Build.0 = Debug|Any CPU
		{FA38D7C6-D2D7-46BA-9469-CF0A53DC4381}.Release|Any CPU.ActiveCfg = Release|Any CPU
		{FA38D7C6-D2D7-46BA-9469-CF0A53DC4381}.Release|Any CPU.Build.0 = Release|Any CPU
		{44D75B55-EBF0-40A8-B5E7-5883BF3E153C}.Debug|Any CPU.ActiveCfg = Debug|Any CPU
		{44D75B55-EBF0-40A8-B5E7-5883BF3E153C}.Debug|Any CPU.Build.0 = Debug|Any CPU
		{44D75B55-EBF0-40A8-B5E7-5883BF3E153C}.Release|Any CPU.ActiveCfg = Release|Any CPU
		{44D75B55-EBF0-40A8-B5E7-5883BF3E153C}.Release|Any CPU.Build.0 = Release|Any CPU
		{1ED2CDC7-621B-492E-A5AD-05E8D14A2275}.Debug|Any CPU.ActiveCfg = Debug|Any CPU
		{1ED2CDC7-621B-492E-A5AD-05E8D14A2275}.Debug|Any CPU.Build.0 = Debug|Any CPU
		{1ED2CDC7-621B-492E-A5AD-05E8D14A2275}.Release|Any CPU.ActiveCfg = Release|Any CPU
		{1ED2CDC7-621B-492E-A5AD-05E8D14A2275}.Release|Any CPU.Build.0 = Release|Any CPU
	EndGlobalSection
EndGlobal
